
Microsoft Visual Studio Solution File, Format Version 12.00
# Visual Studio Version 16
VisualStudioVersion = 16.0.30804.86
MinimumVisualStudioVersion = 10.0.40219.1
Project("{FAE04EC0-301F-11D3-BF4B-00C04F79EFBC}") = "Quiz03", "Quiz03.csproj", "{F61A10A4-A41A-40C7-92A6-18E4D2ED2C1F}"
EndProject
Global
	GlobalSection(SolutionConfigurationPlatforms) = preSolution
		Debug|Any CPU = Debug|Any CPU
		Release|Any CPU = Release|Any CPU
	EndGlobalSection
	GlobalSection(ProjectConfigurationPlatforms) = postSolution
		{F61A10A4-A41A-40C7-92A6-18E4D2ED2C1F}.Debug|Any CPU.ActiveCfg = Debug|Any CPU
		{F61A10A4-A41A-40C7-92A6-18E4D2ED2C1F}.Debug|Any CPU.Build.0 = Debug|Any CPU
		{F61A10A4-A41A-40C7-92A6-18E4D2ED2C1F}.Release|Any CPU.ActiveCfg = Release|Any CPU
		{F61A10A4-A41A-40C7-92A6-18E4D2ED2C1F}.Release|Any CPU.Build.0 = Release|Any CPU
	EndGlobalSection
	GlobalSection(SolutionProperties) = preSolution
		HideSolutionNode = FALSE
	EndGlobalSection
	GlobalSection(ExtensibilityGlobals) = postSolution
		SolutionGuid = {26C40E7B-E5F7-4088-BEB7-A7293EB04279}
	EndGlobalSection
EndGlobal
