
Microsoft Visual Studio Solution File, Format Version 12.00
# Visual Studio Version 16
VisualStudioVersion = 16.0.30804.86
MinimumVisualStudioVersion = 10.0.40219.1
Project("{FAE04EC0-301F-11D3-BF4B-00C04F79EFBC}") = "CSharpProgex02", "CSharpProgex02.csproj", "{D8202FC0-A30C-4A45-B742-4A0033D7F309}"
EndProject
Global
	GlobalSection(SolutionConfigurationPlatforms) = preSolution
		Debug|Any CPU = Debug|Any CPU
		Release|Any CPU = Release|Any CPU
	EndGlobalSection
	GlobalSection(ProjectConfigurationPlatforms) = postSolution
		{D8202FC0-A30C-4A45-B742-4A0033D7F309}.Debug|Any CPU.ActiveCfg = Debug|Any CPU
		{D8202FC0-A30C-4A45-B742-4A0033D7F309}.Debug|Any CPU.Build.0 = Debug|Any CPU
		{D8202FC0-A30C-4A45-B742-4A0033D7F309}.Release|Any CPU.ActiveCfg = Release|Any CPU
		{D8202FC0-A30C-4A45-B742-4A0033D7F309}.Release|Any CPU.Build.0 = Release|Any CPU
	EndGlobalSection
	GlobalSection(SolutionProperties) = preSolution
		HideSolutionNode = FALSE
	EndGlobalSection
	GlobalSection(ExtensibilityGlobals) = postSolution
		SolutionGuid = {5AF85B51-240E-4E0D-8013-849C81E20293}
	EndGlobalSection
EndGlobal
